
Microsoft Visual Studio Solution File, Format Version 12.00
# Visual Studio 15
VisualStudioVersion = 15.0.27130.2020
MinimumVisualStudioVersion = 10.0.40219.1
Project("{FAE04EC0-301F-11D3-BF4B-00C04F79EFBC}") = "ROQ.Repository", "ROQ.Repository\ROQ.Repository.csproj", "{CC8FA070-9CA2-44B0-9B48-9A8AC13466B8}"
EndProject
Project("{FAE04EC0-301F-11D3-BF4B-00C04F79EFBC}") = "ROQ.Services", "ROQ.Services\ROQ.Services.csproj", "{848CD7A0-88D3-4CD3-9E5A-7CA27D0D26F2}"
EndProject
Project("{FAE04EC0-301F-11D3-BF4B-00C04F79EFBC}") = "ROQ.Common", "ROQ.Common\ROQ.Common.csproj", "{90903FDC-7B37-41AF-87E9-B70D86DCF9E6}"
EndProject
Project("{FAE04EC0-301F-11D3-BF4B-00C04F79EFBC}") = "ROQ.Data", "ROQ.Data\ROQ.Data.csproj", "{3D89158D-D9F0-43CF-A796-AD70DE4A41B0}"
EndProject
Project("{FAE04EC0-301F-11D3-BF4B-00C04F79EFBC}") = "ROQ.Admin", "ROQ.Admin\ROQ.Admin.csproj", "{E41CD824-6584-466E-A39B-FC3E2DF278D0}"
EndProject
Global
	GlobalSection(SolutionConfigurationPlatforms) = preSolution
		Debug|Any CPU = Debug|Any CPU
		Release|Any CPU = Release|Any CPU
	EndGlobalSection
	GlobalSection(ProjectConfigurationPlatforms) = postSolution
		{CC8FA070-9CA2-44B0-9B48-9A8AC13466B8}.Debug|Any CPU.ActiveCfg = Debug|Any CPU
		{CC8FA070-9CA2-44B0-9B48-9A8AC13466B8}.Debug|Any CPU.Build.0 = Debug|Any CPU
		{CC8FA070-9CA2-44B0-9B48-9A8AC13466B8}.Release|Any CPU.ActiveCfg = Release|Any CPU
		{CC8FA070-9CA2-44B0-9B48-9A8AC13466B8}.Release|Any CPU.Build.0 = Release|Any CPU
		{848CD7A0-88D3-4CD3-9E5A-7CA27D0D26F2}.Debug|Any CPU.ActiveCfg = Debug|Any CPU
		{848CD7A0-88D3-4CD3-9E5A-7CA27D0D26F2}.Debug|Any CPU.Build.0 = Debug|Any CPU
		{848CD7A0-88D3-4CD3-9E5A-7CA27D0D26F2}.Release|Any CPU.ActiveCfg = Release|Any CPU
		{848CD7A0-88D3-4CD3-9E5A-7CA27D0D26F2}.Release|Any CPU.Build.0 = Release|Any CPU
		{90903FDC-7B37-41AF-87E9-B70D86DCF9E6}.Debug|Any CPU.ActiveCfg = Debug|Any CPU
		{90903FDC-7B37-41AF-87E9-B70D86DCF9E6}.Debug|Any CPU.Build.0 = Debug|Any CPU
		{90903FDC-7B37-41AF-87E9-B70D86DCF9E6}.Release|Any CPU.ActiveCfg = Release|Any CPU
		{90903FDC-7B37-41AF-87E9-B70D86DCF9E6}.Release|Any CPU.Build.0 = Release|Any CPU
		{3D89158D-D9F0-43CF-A796-AD70DE4A41B0}.Debug|Any CPU.ActiveCfg = Debug|Any CPU
		{3D89158D-D9F0-43CF-A796-AD70DE4A41B0}.Debug|Any CPU.Build.0 = Debug|Any CPU
		{3D89158D-D9F0-43CF-A796-AD70DE4A41B0}.Release|Any CPU.ActiveCfg = Release|Any CPU
		{3D89158D-D9F0-43CF-A796-AD70DE4A41B0}.Release|Any CPU.Build.0 = Release|Any CPU
		{E41CD824-6584-466E-A39B-FC3E2DF278D0}.Debug|Any CPU.ActiveCfg = Debug|Any CPU
		{E41CD824-6584-466E-A39B-FC3E2DF278D0}.Debug|Any CPU.Build.0 = Debug|Any CPU
		{E41CD824-6584-466E-A39B-FC3E2DF278D0}.Release|Any CPU.ActiveCfg = Release|Any CPU
		{E41CD824-6584-466E-A39B-FC3E2DF278D0}.Release|Any CPU.Build.0 = Release|Any CPU
	EndGlobalSection
	GlobalSection(SolutionProperties) = preSolution
		HideSolutionNode = FALSE
	EndGlobalSection
	GlobalSection(ExtensibilityGlobals) = postSolution
		SolutionGuid = {614124D3-2D87-4658-BB23-1C25AE63563E}
	EndGlobalSection
EndGlobal
